{
  "name": "webchronicle",
  "version": "1.0.0",
  "lockfileVersion": 3,
  "requires": true,
  "packages": {
    "": {
      "name": "webchronicle",
      "version": "1.0.0",
      "license": "MIT",
      "workspaces": [
        "activity-log-worker",
        "personal-web-activity-chronicle-extension"
      ]
    },
    "activity-log-worker": {
      "version": "0.1.0",
      "devDependencies": {
        "@cloudflare/workers-types": "^4.20250503.0",
        "itty-router": "^2.5.3",
        "typescript": "^5.0.0"
      }
    },
    "activity-log-worker/node_modules/@cloudflare/workers-types": {
      "version": "4.20250503.0",
      "dev": true,
      "license": "MIT OR Apache-2.0"
    },
    "activity-log-worker/node_modules/itty-router": {
      "version": "2.6.6",
      "dev": true,
      "license": "MIT"
    },
    "activity-log-worker/node_modules/typescript": {
      "version": "5.8.3",
      "dev": true,
      "license": "Apache-2.0",
      "bin": {
        "tsc": "bin/tsc",
        "tsserver": "bin/tsserver"
      },
      "engines": {
        "node": ">=14.17"
      }
    },
    "node_modules/activity-log-worker": {
      "resolved": "activity-log-worker",
      "link": true
    },
    "node_modules/personal-web-activity-chronicle-extension": {
      "resolved": "personal-web-activity-chronicle-extension",
      "link": true
    },
    "personal-web-activity-chronicle-extension": {
      "version": "1.0.0",
      "license": "ISC",
      "dependencies": {
        "@mozilla/readability": "^0.6.0"
      },
      "devDependencies": {
        "esbuild": "^0.25.3"
      }
    },
    "personal-web-activity-chronicle-extension/node_modules/@esbuild/darwin-arm64": {
      "version": "0.25.3",
      "cpu": [
        "arm64"
      ],
      "dev": true,
      "license": "MIT",
      "optional": true,
      "os": [
        "darwin"
      ],
      "engines": {
        "node": ">=18"
      }
    },
    "personal-web-activity-chronicle-extension/node_modules/@mozilla/readability": {
      "version": "0.6.0",
      "license": "Apache-2.0",
      "engines": {
        "node": ">=14.0.0"
      }
    },
    "personal-web-activity-chronicle-extension/node_modules/esbuild": {
      "version": "0.25.3",
      "dev": true,
      "hasInstallScript": true,
      "license": "MIT",
      "bin": {
        "esbuild": "bin/esbuild"
      },
      "engines": {
        "node": ">=18"
      },
      "optionalDependencies": {
        "@esbuild/aix-ppc64": "0.25.3",
        "@esbuild/android-arm": "0.25.3",
        "@esbuild/android-arm64": "0.25.3",
        "@esbuild/android-x64": "0.25.3",
        "@esbuild/darwin-arm64": "0.25.3",
        "@esbuild/darwin-x64": "0.25.3",
        "@esbuild/freebsd-arm64": "0.25.3",
        "@esbuild/freebsd-x64": "0.25.3",
        "@esbuild/linux-arm": "0.25.3",
        "@esbuild/linux-arm64": "0.25.3",
        "@esbuild/linux-ia32": "0.25.3",
        "@esbuild/linux-loong64": "0.25.3",
        "@esbuild/linux-mips64el": "0.25.3",
        "@esbuild/linux-ppc64": "0.25.3",
        "@esbuild/linux-riscv64": "0.25.3",
        "@esbuild/linux-s390x": "0.25.3",
        "@esbuild/linux-x64": "0.25.3",
        "@esbuild/netbsd-arm64": "0.25.3",
        "@esbuild/netbsd-x64": "0.25.3",
        "@esbuild/openbsd-arm64": "0.25.3",
        "@esbuild/openbsd-x64": "0.25.3",
        "@esbuild/sunos-x64": "0.25.3",
        "@esbuild/win32-arm64": "0.25.3",
        "@esbuild/win32-ia32": "0.25.3",
        "@esbuild/win32-x64": "0.25.3"
      }
    }
  }
}
